
Microsoft Visual Studio Solution File, Format Version 12.00
# Visual Studio Version 16
VisualStudioVersion = 16.0.30215.9
MinimumVisualStudioVersion = 10.0.40219.1
Project("{FAE04EC0-301F-11D3-BF4B-00C04F79EFBC}") = "MyWebForms", "MyWebForms\MyWebForms.csproj", "{D36ACB7A-1A6A-4BCE-8348-EEA1229762DF}"
EndProject
Global
	GlobalSection(SolutionConfigurationPlatforms) = preSolution
		Debug|Any CPU = Debug|Any CPU
		Release|Any CPU = Release|Any CPU
	EndGlobalSection
	GlobalSection(ProjectConfigurationPlatforms) = postSolution
		{D36ACB7A-1A6A-4BCE-8348-EEA1229762DF}.Debug|Any CPU.ActiveCfg = Debug|Any CPU
		{D36ACB7A-1A6A-4BCE-8348-EEA1229762DF}.Debug|Any CPU.Build.0 = Debug|Any CPU
		{D36ACB7A-1A6A-4BCE-8348-EEA1229762DF}.Release|Any CPU.ActiveCfg = Release|Any CPU
		{D36ACB7A-1A6A-4BCE-8348-EEA1229762DF}.Release|Any CPU.Build.0 = Release|Any CPU
	EndGlobalSection
	GlobalSection(SolutionProperties) = preSolution
		HideSolutionNode = FALSE
	EndGlobalSection
	GlobalSection(ExtensibilityGlobals) = postSolution
		SolutionGuid = {A963BAB5-E2E5-4036-BFA0-4F5D17DC6B80}
	EndGlobalSection
EndGlobal
