
Microsoft Visual Studio Solution File, Format Version 12.00
# Visual Studio 15
Project("{FAE04EC0-301F-11D3-BF4B-00C04F79EFBC}") = "Mygrpc", "Mygrpc\Mygrpc.csproj", "{C3CE9D4A-4FCC-448B-9C6F-A5B700A16059}"
EndProject
Project("{FAE04EC0-301F-11D3-BF4B-00C04F79EFBC}") = "Myconsole", "Myconsole\Myconsole.csproj", "{EFEA32AD-2097-4D23-933A-91B9E215AEDA}"
EndProject
Global
	GlobalSection(SolutionConfigurationPlatforms) = preSolution
		Debug|Any CPU = Debug|Any CPU
		Release|Any CPU = Release|Any CPU
	EndGlobalSection
	GlobalSection(ProjectConfigurationPlatforms) = postSolution
		{C3CE9D4A-4FCC-448B-9C6F-A5B700A16059}.Debug|Any CPU.ActiveCfg = Debug|Any CPU
		{C3CE9D4A-4FCC-448B-9C6F-A5B700A16059}.Debug|Any CPU.Build.0 = Debug|Any CPU
		{C3CE9D4A-4FCC-448B-9C6F-A5B700A16059}.Release|Any CPU.ActiveCfg = Release|Any CPU
		{C3CE9D4A-4FCC-448B-9C6F-A5B700A16059}.Release|Any CPU.Build.0 = Release|Any CPU
		{EFEA32AD-2097-4D23-933A-91B9E215AEDA}.Debug|Any CPU.ActiveCfg = Debug|Any CPU
		{EFEA32AD-2097-4D23-933A-91B9E215AEDA}.Debug|Any CPU.Build.0 = Debug|Any CPU
		{EFEA32AD-2097-4D23-933A-91B9E215AEDA}.Release|Any CPU.ActiveCfg = Release|Any CPU
		{EFEA32AD-2097-4D23-933A-91B9E215AEDA}.Release|Any CPU.Build.0 = Release|Any CPU
	EndGlobalSection
EndGlobal
